
Microsoft Visual Studio Solution File, Format Version 12.00
# Visual Studio Version 17
VisualStudioVersion = 17.12.35707.178 d17.12
MinimumVisualStudioVersion = 10.0.40219.1
Project("{2150E333-8FDC-42A3-9474-1A3956D46DE8}") = "Lesson_02", "Lesson_02", "{73576D60-9D17-43FA-95E3-D4A6D8F14A78}"
EndProject
Project("{FAE04EC0-301F-11D3-BF4B-00C04F79EFBC}") = "Task_02_01", "Task_02_01\Task_02_01.csproj", "{ED3432B6-F17D-437D-B8CB-72AD2045078F}"
EndProject
Global
	GlobalSection(SolutionConfigurationPlatforms) = preSolution
		Debug|Any CPU = Debug|Any CPU
		Release|Any CPU = Release|Any CPU
	EndGlobalSection
	GlobalSection(ProjectConfigurationPlatforms) = postSolution
		{ED3432B6-F17D-437D-B8CB-72AD2045078F}.Debug|Any CPU.ActiveCfg = Debug|Any CPU
		{ED3432B6-F17D-437D-B8CB-72AD2045078F}.Debug|Any CPU.Build.0 = Debug|Any CPU
		{ED3432B6-F17D-437D-B8CB-72AD2045078F}.Release|Any CPU.ActiveCfg = Release|Any CPU
		{ED3432B6-F17D-437D-B8CB-72AD2045078F}.Release|Any CPU.Build.0 = Release|Any CPU
	EndGlobalSection
	GlobalSection(SolutionProperties) = preSolution
		HideSolutionNode = FALSE
	EndGlobalSection
	GlobalSection(NestedProjects) = preSolution
		{ED3432B6-F17D-437D-B8CB-72AD2045078F} = {73576D60-9D17-43FA-95E3-D4A6D8F14A78}
	EndGlobalSection
EndGlobal
