
Microsoft Visual Studio Solution File, Format Version 12.00
# Visual Studio Version 17
VisualStudioVersion = 17.12.35707.178 d17.12
MinimumVisualStudioVersion = 10.0.40219.1
Project("{2150E333-8FDC-42A3-9474-1A3956D46DE8}") = "Lesson_02", "Lesson_02", "{73576D60-9D17-43FA-95E3-D4A6D8F14A78}"
EndProject
Project("{FAE04EC0-301F-11D3-BF4B-00C04F79EFBC}") = "Task_02_01", "Task_02_01\Task_02_01.csproj", "{ED3432B6-F17D-437D-B8CB-72AD2045078F}"
EndProject
Project("{FAE04EC0-301F-11D3-BF4B-00C04F79EFBC}") = "Task_02_02", "Task_02_02\Task_02_02.csproj", "{81A53154-98A7-4682-B008-0250B5FC6BD4}"
EndProject
Project("{FAE04EC0-301F-11D3-BF4B-00C04F79EFBC}") = "Task_03_04", "Task_03_04\Task_03_04.csproj", "{E9910B57-1C78-469F-9DD0-FAB068FED7B0}"
EndProject
Project("{2150E333-8FDC-42A3-9474-1A3956D46DE8}") = "Lesson_03", "Lesson_03", "{808BD9F7-50B8-4BF0-9F64-8946AB9E717E}"
EndProject
Project("{FAE04EC0-301F-11D3-BF4B-00C04F79EFBC}") = "Task_03_05", "Task_03_05\Task_03_05.csproj", "{C9C494EE-A0FD-42B2-8CF4-62E6A46033FB}"
EndProject
Project("{FAE04EC0-301F-11D3-BF4B-00C04F79EFBC}") = "Task_03_06", "Task_03_06\Task_03_06.csproj", "{EE707249-96DA-4F93-A931-92223AAC2D75}"
EndProject
Project("{FAE04EC0-301F-11D3-BF4B-00C04F79EFBC}") = "Task_03_07", "Task_03_07\Task_03_07.csproj", "{5972BF2C-0689-4725-9844-8CBE0DFB47EC}"
EndProject
Global
	GlobalSection(SolutionConfigurationPlatforms) = preSolution
		Debug|Any CPU = Debug|Any CPU
		Release|Any CPU = Release|Any CPU
	EndGlobalSection
	GlobalSection(ProjectConfigurationPlatforms) = postSolution
		{ED3432B6-F17D-437D-B8CB-72AD2045078F}.Debug|Any CPU.ActiveCfg = Debug|Any CPU
		{ED3432B6-F17D-437D-B8CB-72AD2045078F}.Debug|Any CPU.Build.0 = Debug|Any CPU
		{ED3432B6-F17D-437D-B8CB-72AD2045078F}.Release|Any CPU.ActiveCfg = Release|Any CPU
		{ED3432B6-F17D-437D-B8CB-72AD2045078F}.Release|Any CPU.Build.0 = Release|Any CPU
		{81A53154-98A7-4682-B008-0250B5FC6BD4}.Debug|Any CPU.ActiveCfg = Debug|Any CPU
		{81A53154-98A7-4682-B008-0250B5FC6BD4}.Debug|Any CPU.Build.0 = Debug|Any CPU
		{81A53154-98A7-4682-B008-0250B5FC6BD4}.Release|Any CPU.ActiveCfg = Release|Any CPU
		{81A53154-98A7-4682-B008-0250B5FC6BD4}.Release|Any CPU.Build.0 = Release|Any CPU
		{E9910B57-1C78-469F-9DD0-FAB068FED7B0}.Debug|Any CPU.ActiveCfg = Debug|Any CPU
		{E9910B57-1C78-469F-9DD0-FAB068FED7B0}.Debug|Any CPU.Build.0 = Debug|Any CPU
		{E9910B57-1C78-469F-9DD0-FAB068FED7B0}.Release|Any CPU.ActiveCfg = Release|Any CPU
		{E9910B57-1C78-469F-9DD0-FAB068FED7B0}.Release|Any CPU.Build.0 = Release|Any CPU
		{C9C494EE-A0FD-42B2-8CF4-62E6A46033FB}.Debug|Any CPU.ActiveCfg = Debug|Any CPU
		{C9C494EE-A0FD-42B2-8CF4-62E6A46033FB}.Debug|Any CPU.Build.0 = Debug|Any CPU
		{C9C494EE-A0FD-42B2-8CF4-62E6A46033FB}.Release|Any CPU.ActiveCfg = Release|Any CPU
		{C9C494EE-A0FD-42B2-8CF4-62E6A46033FB}.Release|Any CPU.Build.0 = Release|Any CPU
		{EE707249-96DA-4F93-A931-92223AAC2D75}.Debug|Any CPU.ActiveCfg = Debug|Any CPU
		{EE707249-96DA-4F93-A931-92223AAC2D75}.Debug|Any CPU.Build.0 = Debug|Any CPU
		{EE707249-96DA-4F93-A931-92223AAC2D75}.Release|Any CPU.ActiveCfg = Release|Any CPU
		{EE707249-96DA-4F93-A931-92223AAC2D75}.Release|Any CPU.Build.0 = Release|Any CPU
		{5972BF2C-0689-4725-9844-8CBE0DFB47EC}.Debug|Any CPU.ActiveCfg = Debug|Any CPU
		{5972BF2C-0689-4725-9844-8CBE0DFB47EC}.Debug|Any CPU.Build.0 = Debug|Any CPU
		{5972BF2C-0689-4725-9844-8CBE0DFB47EC}.Release|Any CPU.ActiveCfg = Release|Any CPU
		{5972BF2C-0689-4725-9844-8CBE0DFB47EC}.Release|Any CPU.Build.0 = Release|Any CPU
	EndGlobalSection
	GlobalSection(SolutionProperties) = preSolution
		HideSolutionNode = FALSE
	EndGlobalSection
	GlobalSection(NestedProjects) = preSolution
		{ED3432B6-F17D-437D-B8CB-72AD2045078F} = {73576D60-9D17-43FA-95E3-D4A6D8F14A78}
		{81A53154-98A7-4682-B008-0250B5FC6BD4} = {73576D60-9D17-43FA-95E3-D4A6D8F14A78}
		{E9910B57-1C78-469F-9DD0-FAB068FED7B0} = {808BD9F7-50B8-4BF0-9F64-8946AB9E717E}
		{C9C494EE-A0FD-42B2-8CF4-62E6A46033FB} = {808BD9F7-50B8-4BF0-9F64-8946AB9E717E}
		{EE707249-96DA-4F93-A931-92223AAC2D75} = {808BD9F7-50B8-4BF0-9F64-8946AB9E717E}
		{5972BF2C-0689-4725-9844-8CBE0DFB47EC} = {808BD9F7-50B8-4BF0-9F64-8946AB9E717E}
	EndGlobalSection
EndGlobal
