
Microsoft Visual Studio Solution File, Format Version 12.00
# Visual Studio Version 17
VisualStudioVersion = 17.12.35707.178
MinimumVisualStudioVersion = 10.0.40219.1
Project("{2150E333-8FDC-42A3-9474-1A3956D46DE8}") = "Lesson_02", "Lesson_02", "{73576D60-9D17-43FA-95E3-D4A6D8F14A78}"
EndProject
Project("{9A19103F-16F7-4668-BE54-9A1E7A4F7556}") = "Task_02_01", "Task_02_01\Task_02_01.csproj", "{ED3432B6-F17D-437D-B8CB-72AD2045078F}"
EndProject
Project("{9A19103F-16F7-4668-BE54-9A1E7A4F7556}") = "Task_02_02", "Task_02_02\Task_02_02.csproj", "{81A53154-98A7-4682-B008-0250B5FC6BD4}"
EndProject
Project("{9A19103F-16F7-4668-BE54-9A1E7A4F7556}") = "Task_03_04", "Task_03_04\Task_03_04.csproj", "{E9910B57-1C78-469F-9DD0-FAB068FED7B0}"
EndProject
Project("{2150E333-8FDC-42A3-9474-1A3956D46DE8}") = "Lesson_03", "Lesson_03", "{808BD9F7-50B8-4BF0-9F64-8946AB9E717E}"
EndProject
Project("{9A19103F-16F7-4668-BE54-9A1E7A4F7556}") = "Task_03_05", "Task_03_05\Task_03_05.csproj", "{C9C494EE-A0FD-42B2-8CF4-62E6A46033FB}"
EndProject
Project("{9A19103F-16F7-4668-BE54-9A1E7A4F7556}") = "Task_03_06", "Task_03_06\Task_03_06.csproj", "{EE707249-96DA-4F93-A931-92223AAC2D75}"
EndProject
Project("{9A19103F-16F7-4668-BE54-9A1E7A4F7556}") = "Task_03_07", "Task_03_07\Task_03_07.csproj", "{5972BF2C-0689-4725-9844-8CBE0DFB47EC}"
EndProject
Project("{9A19103F-16F7-4668-BE54-9A1E7A4F7556}") = "Task_03_08", "Task_03_08\Task_03_08.csproj", "{B4CA3393-7B9B-4228-8A6C-8D8230735C3D}"
EndProject
Project("{9A19103F-16F7-4668-BE54-9A1E7A4F7556}") = "Task_03_09", "Task_03_09\Task_03_09.csproj", "{88D401D7-57C8-47D5-85B3-5B202C3BEB76}"
EndProject
Project("{2150E333-8FDC-42A3-9474-1A3956D46DE8}") = "Lesson_04", "Lesson_04", "{1EC1BCB8-2B81-4AB0-9DD2-B60A360A3677}"
EndProject
Project("{9A19103F-16F7-4668-BE54-9A1E7A4F7556}") = "Task_04_05", "Task_04_05\Task_04_05.csproj", "{AE97811D-CAC9-49FA-9218-CE6E45969869}"
EndProject
Project("{9A19103F-16F7-4668-BE54-9A1E7A4F7556}") = "Task_04_06", "Task_04_06\Task_04_06.csproj", "{B2761731-8D88-4624-8556-087CDA5F28C1}"
EndProject
Project("{9A19103F-16F7-4668-BE54-9A1E7A4F7556}") = "Task_04_07", "Task_04_07\Task_04_07.csproj", "{1AB7CBDF-36FC-48D1-8B83-EE8A9C49F2B3}"
EndProject
Project("{9A19103F-16F7-4668-BE54-9A1E7A4F7556}") = "Task_04_08", "Task_04_08\Task_04_08.csproj", "{EBADC385-1DB9-4C38-BFD4-6199F5EB12DE}"
EndProject
Project("{9A19103F-16F7-4668-BE54-9A1E7A4F7556}") = "Task_04_09", "Task_04_09\Task_04_09.csproj", "{531EE1D7-AD10-4D63-B32A-0703202373E0}"
EndProject
Project("{9A19103F-16F7-4668-BE54-9A1E7A4F7556}") = "Task_04_10", "Task_04_10\Task_04_10.csproj", "{436A96F6-BA50-41B9-BA29-5728B6920D73}"
EndProject
Project("{2150E333-8FDC-42A3-9474-1A3956D46DE8}") = "Lesson_05", "Lesson_05", "{28A856BD-EF44-4B02-857B-05CD122C5B59}"
EndProject
Project("{9A19103F-16F7-4668-BE54-9A1E7A4F7556}") = "Task_05_03", "Task_05_03\Task_05_03.csproj", "{450A2073-9C8F-4005-A6AF-EFC5E84A1A8B}"
EndProject
Project("{9A19103F-16F7-4668-BE54-9A1E7A4F7556}") = "Task_05_04", "Task_05_04\Task_05_04.csproj", "{EE3CC40E-8C92-44CB-B238-B09D77CA5E68}"
EndProject
Project("{9A19103F-16F7-4668-BE54-9A1E7A4F7556}") = "Task_05_05", "Task_05_05\Task_05_05.csproj", "{F616D004-9F57-4207-9034-B5BC628F84DD}"
EndProject
Project("{9A19103F-16F7-4668-BE54-9A1E7A4F7556}") = "Task_05_06", "Task_05_06\Task_05_06.csproj", "{35D8CCE1-6E5C-4260-B9B1-2E3FC805D884}"
EndProject
Project("{9A19103F-16F7-4668-BE54-9A1E7A4F7556}") = "Task_05_09", "Task_05_09\Task_05_09.csproj", "{D19F4C6D-1456-4C2F-9BED-451E31B5DD11}"
EndProject
Project("{9A19103F-16F7-4668-BE54-9A1E7A4F7556}") = "Task_05_07", "Task_05_07\Task_05_07.csproj", "{FF2E2F5D-22C8-4E35-ABE2-88B4EDFAC2DF}"
EndProject
Project("{FAE04EC0-301F-11D3-BF4B-00C04F79EFBC}") = "Task_05_08", "Task_05_08\Task_05_08.csproj", "{08B81875-DE32-4943-BB3F-1D5C464D8CF8}"
EndProject
Project("{2150E333-8FDC-42A3-9474-1A3956D46DE8}") = "Lesson_10", "Lesson_10", "{8FD311EC-3EFB-42A9-BD27-3618AEDA9FB1}"
EndProject
Project("{FAE04EC0-301F-11D3-BF4B-00C04F79EFBC}") = "Task_10_06", "Task_10_06\Task_10_06.csproj", "{BFED5DB6-6B59-4B11-86F9-574A24CB2A1F}"
EndProject
Project("{FAE04EC0-301F-11D3-BF4B-00C04F79EFBC}") = "Task_10_07", "Task_10_07\Task_10_07.csproj", "{1DF7FEFD-D5B2-4549-89D1-F062C7E93570}"
EndProject
Project("{FAE04EC0-301F-11D3-BF4B-00C04F79EFBC}") = "Task_10_08", "Task_10_08\Task_10_08.csproj", "{D437A57C-11FA-4393-AC96-A7E8552B982A}"
EndProject
Project("{2150E333-8FDC-42A3-9474-1A3956D46DE8}") = "Lesson_11", "Lesson_11", "{36D591C7-65C7-A0D1-1CBC-10CDE441BDC8}"
EndProject
Project("{FAE04EC0-301F-11D3-BF4B-00C04F79EFBC}") = "Task_11_01", "Task_11_01\Task_11_01.csproj", "{9206DCF5-8F6A-4697-86CF-99C6277B5BAA}"
EndProject
Project("{FAE04EC0-301F-11D3-BF4B-00C04F79EFBC}") = "Task_11_02", "Task_11_02\Task_11_02.csproj", "{1A2F9236-684D-4C57-B228-863199BA3F6F}"
EndProject
Project("{FAE04EC0-301F-11D3-BF4B-00C04F79EFBC}") = "Task_11_03", "Task_11_03\Task_11_03.csproj", "{CE980B7C-E679-405E-A1EF-82E7D56A4E0A}"
EndProject
Project("{FAE04EC0-301F-11D3-BF4B-00C04F79EFBC}") = "Task_11_04", "Task_11_04\Task_11_04.csproj", "{4D9C12F0-0100-4C25-9F43-C443C6D7610F}"
EndProject
Project("{FAE04EC0-301F-11D3-BF4B-00C04F79EFBC}") = "Task_11_05", "Task_11_05\Task_11_05.csproj", "{B68459FA-1FDC-4063-87B5-9D9765020695}"
EndProject
Project("{FAE04EC0-301F-11D3-BF4B-00C04F79EFBC}") = "Task_11_06", "Task_11_06\Task_11_06.csproj", "{2E08C0CE-F24B-4F75-AD48-4DAF75845C5C}"
EndProject
Project("{FAE04EC0-301F-11D3-BF4B-00C04F79EFBC}") = "Task_11_07", "Task_11_07\Task_11_07.csproj", "{F91AC3C0-34F7-446E-893D-76D368F0E7E2}"
EndProject
Project("{FAE04EC0-301F-11D3-BF4B-00C04F79EFBC}") = "Task_11_08", "Task_11_08\Task_11_08.csproj", "{E8045A6B-0716-439A-AC43-64B0904791FC}"
EndProject
Project("{2150E333-8FDC-42A3-9474-1A3956D46DE8}") = "Lesson_12", "Lesson_12", "{299B85EC-1C51-4C59-A193-3D068E85F52C}"
EndProject
Project("{FAE04EC0-301F-11D3-BF4B-00C04F79EFBC}") = "Task_12_01", "Task_12_01\Task_12_01.csproj", "{B104F471-11E9-4E66-8BE3-DD9ACEE1A802}"
EndProject
Project("{FAE04EC0-301F-11D3-BF4B-00C04F79EFBC}") = "Task_12_02", "Task_12_02\Task_12_02.csproj", "{298A2FAA-3747-4222-939D-5E5F3A475D6E}"
EndProject
Project("{FAE04EC0-301F-11D3-BF4B-00C04F79EFBC}") = "Task_02_03", "Task_02_03\Task_02_03.csproj", "{BC19FCD4-E9B6-4CD2-A7AD-458F1244F19D}"
EndProject
Project("{2150E333-8FDC-42A3-9474-1A3956D46DE8}") = "Lesson_13", "Lesson_13", "{1F5B267C-30AE-45D9-A74A-43A7865B44EB}"
EndProject
Project("{FAE04EC0-301F-11D3-BF4B-00C04F79EFBC}") = "Task_13_02", "Task_13_02\Task_13_02.csproj", "{768808F4-69A5-42E2-9A4A-8D769A8E99BE}"
EndProject
Project("{FAE04EC0-301F-11D3-BF4B-00C04F79EFBC}") = "Task_13_03", "Task_13_03\Task_13_03.csproj", "{09A62F70-334E-4DBB-9F4C-3C9404CF5ACD}"
EndProject
Project("{2150E333-8FDC-42A3-9474-1A3956D46DE8}") = "Lesson_14", "Lesson_14", "{BB8574A1-53CC-4780-85E3-879B46B1078A}"
EndProject
Project("{FAE04EC0-301F-11D3-BF4B-00C04F79EFBC}") = "Task_14_03", "Task_14_03\Task_14_03.csproj", "{208F11CD-17EA-4009-83DF-43F19FBAFBE4}"
EndProject
Project("{FAE04EC0-301F-11D3-BF4B-00C04F79EFBC}") = "Task_14_04", "Task_14_04\Task_14_04.csproj", "{CB4E1705-443D-4DA2-BD51-0CDD67B872F2}"
EndProject
Project("{2150E333-8FDC-42A3-9474-1A3956D46DE8}") = "Lesson_19", "Lesson_19", "{161EA18C-5A64-4A92-B704-FFCF181331E7}"
EndProject
Project("{FAE04EC0-301F-11D3-BF4B-00C04F79EFBC}") = "Task_19_01", "Task_19_01\Task_19_01.csproj", "{F0017545-2ED5-4984-B52A-36C7573458F2}"
EndProject
Project("{FAE04EC0-301F-11D3-BF4B-00C04F79EFBC}") = "Task_19_02", "Task_19_02\Task_19_02.csproj", "{56AAF3AD-1BE6-42E6-9080-B2AA7A47BF65}"
EndProject
Project("{FAE04EC0-301F-11D3-BF4B-00C04F79EFBC}") = "Task_19_03", "Task_19_03\Task_19_03.csproj", "{55FF1F2C-EEB4-42A2-A2D7-1C96802DD353}"
EndProject
Project("{2150E333-8FDC-42A3-9474-1A3956D46DE8}") = "Lesson_20", "Lesson_20", "{5B56B2C5-4E22-4613-A359-D06879A76BC4}"
EndProject
Project("{FAE04EC0-301F-11D3-BF4B-00C04F79EFBC}") = "Task_20_03", "Task_20_03\Task_20_03.csproj", "{2FE37259-682C-4A66-AFF7-64FF45D9D8A6}"
EndProject
Project("{FAE04EC0-301F-11D3-BF4B-00C04F79EFBC}") = "Task_20_04", "Task_20_04\Task_20_04.csproj", "{B6858C1A-3127-486A-82F0-2EE16D2FCC9A}"
EndProject
Project("{FAE04EC0-301F-11D3-BF4B-00C04F79EFBC}") = "Task_20_05", "Task_20_05\Task_20_05.csproj", "{E7835A09-9745-4245-8165-B2237F84A188}"
EndProject
Project("{FAE04EC0-301F-11D3-BF4B-00C04F79EFBC}") = "Task_20_06", "Task_20_06\Task_20_06.csproj", "{E3E5CABA-B114-4CC2-AB9A-5176840EDFB5}"
EndProject
Project("{2150E333-8FDC-42A3-9474-1A3956D46DE8}") = "Lesson_21", "Lesson_21", "{25A7BC2A-F7D7-49C5-B65A-BCF8E99F9E2E}"
EndProject
Project("{FAE04EC0-301F-11D3-BF4B-00C04F79EFBC}") = "Task_21_01", "Task_21_01\Task_21_01.csproj", "{878454CD-7314-4FDC-BD29-6E17F7A6F659}"
EndProject
Project("{FAE04EC0-301F-11D3-BF4B-00C04F79EFBC}") = "Task_21_02", "Task_21_02\Task_21_02.csproj", "{CEB0E70C-AB99-4FCF-A72F-ABB78DEEE0A1}"
EndProject
Project("{2150E333-8FDC-42A3-9474-1A3956D46DE8}") = "Lesson_23", "Lesson_23", "{71D2C914-F051-4F8A-9154-974DA4D9A014}"
EndProject
Project("{FAE04EC0-301F-11D3-BF4B-00C04F79EFBC}") = "Task_23_06", "Task_23_06\Task_23_06.csproj", "{3A970918-207C-473E-80E5-6263E7467E76}"
EndProject
Project("{2150E333-8FDC-42A3-9474-1A3956D46DE8}") = "Lesson_24", "Lesson_24", "{186C17C7-8292-47EC-8909-AB1187F8D431}"
EndProject
Project("{FAE04EC0-301F-11D3-BF4B-00C04F79EFBC}") = "Task_24_06", "Task_24_06\Task_24_06.csproj", "{C368F9D7-D5F8-4992-951D-9A3A65AAB150}"
EndProject
Global
	GlobalSection(SolutionConfigurationPlatforms) = preSolution
		Debug|Any CPU = Debug|Any CPU
		Release|Any CPU = Release|Any CPU
	EndGlobalSection
	GlobalSection(ProjectConfigurationPlatforms) = postSolution
		{ED3432B6-F17D-437D-B8CB-72AD2045078F}.Debug|Any CPU.ActiveCfg = Debug|Any CPU
		{ED3432B6-F17D-437D-B8CB-72AD2045078F}.Debug|Any CPU.Build.0 = Debug|Any CPU
		{ED3432B6-F17D-437D-B8CB-72AD2045078F}.Release|Any CPU.ActiveCfg = Release|Any CPU
		{ED3432B6-F17D-437D-B8CB-72AD2045078F}.Release|Any CPU.Build.0 = Release|Any CPU
		{81A53154-98A7-4682-B008-0250B5FC6BD4}.Debug|Any CPU.ActiveCfg = Debug|Any CPU
		{81A53154-98A7-4682-B008-0250B5FC6BD4}.Debug|Any CPU.Build.0 = Debug|Any CPU
		{81A53154-98A7-4682-B008-0250B5FC6BD4}.Release|Any CPU.ActiveCfg = Release|Any CPU
		{81A53154-98A7-4682-B008-0250B5FC6BD4}.Release|Any CPU.Build.0 = Release|Any CPU
		{E9910B57-1C78-469F-9DD0-FAB068FED7B0}.Debug|Any CPU.ActiveCfg = Debug|Any CPU
		{E9910B57-1C78-469F-9DD0-FAB068FED7B0}.Debug|Any CPU.Build.0 = Debug|Any CPU
		{E9910B57-1C78-469F-9DD0-FAB068FED7B0}.Release|Any CPU.ActiveCfg = Release|Any CPU
		{E9910B57-1C78-469F-9DD0-FAB068FED7B0}.Release|Any CPU.Build.0 = Release|Any CPU
		{C9C494EE-A0FD-42B2-8CF4-62E6A46033FB}.Debug|Any CPU.ActiveCfg = Debug|Any CPU
		{C9C494EE-A0FD-42B2-8CF4-62E6A46033FB}.Debug|Any CPU.Build.0 = Debug|Any CPU
		{C9C494EE-A0FD-42B2-8CF4-62E6A46033FB}.Release|Any CPU.ActiveCfg = Release|Any CPU
		{C9C494EE-A0FD-42B2-8CF4-62E6A46033FB}.Release|Any CPU.Build.0 = Release|Any CPU
		{EE707249-96DA-4F93-A931-92223AAC2D75}.Debug|Any CPU.ActiveCfg = Debug|Any CPU
		{EE707249-96DA-4F93-A931-92223AAC2D75}.Debug|Any CPU.Build.0 = Debug|Any CPU
		{EE707249-96DA-4F93-A931-92223AAC2D75}.Release|Any CPU.ActiveCfg = Release|Any CPU
		{EE707249-96DA-4F93-A931-92223AAC2D75}.Release|Any CPU.Build.0 = Release|Any CPU
		{5972BF2C-0689-4725-9844-8CBE0DFB47EC}.Debug|Any CPU.ActiveCfg = Debug|Any CPU
		{5972BF2C-0689-4725-9844-8CBE0DFB47EC}.Debug|Any CPU.Build.0 = Debug|Any CPU
		{5972BF2C-0689-4725-9844-8CBE0DFB47EC}.Release|Any CPU.ActiveCfg = Release|Any CPU
		{5972BF2C-0689-4725-9844-8CBE0DFB47EC}.Release|Any CPU.Build.0 = Release|Any CPU
		{B4CA3393-7B9B-4228-8A6C-8D8230735C3D}.Debug|Any CPU.ActiveCfg = Debug|Any CPU
		{B4CA3393-7B9B-4228-8A6C-8D8230735C3D}.Debug|Any CPU.Build.0 = Debug|Any CPU
		{B4CA3393-7B9B-4228-8A6C-8D8230735C3D}.Release|Any CPU.ActiveCfg = Release|Any CPU
		{B4CA3393-7B9B-4228-8A6C-8D8230735C3D}.Release|Any CPU.Build.0 = Release|Any CPU
		{88D401D7-57C8-47D5-85B3-5B202C3BEB76}.Debug|Any CPU.ActiveCfg = Debug|Any CPU
		{88D401D7-57C8-47D5-85B3-5B202C3BEB76}.Debug|Any CPU.Build.0 = Debug|Any CPU
		{88D401D7-57C8-47D5-85B3-5B202C3BEB76}.Release|Any CPU.ActiveCfg = Release|Any CPU
		{88D401D7-57C8-47D5-85B3-5B202C3BEB76}.Release|Any CPU.Build.0 = Release|Any CPU
		{AE97811D-CAC9-49FA-9218-CE6E45969869}.Debug|Any CPU.ActiveCfg = Debug|Any CPU
		{AE97811D-CAC9-49FA-9218-CE6E45969869}.Debug|Any CPU.Build.0 = Debug|Any CPU
		{AE97811D-CAC9-49FA-9218-CE6E45969869}.Release|Any CPU.ActiveCfg = Release|Any CPU
		{AE97811D-CAC9-49FA-9218-CE6E45969869}.Release|Any CPU.Build.0 = Release|Any CPU
		{B2761731-8D88-4624-8556-087CDA5F28C1}.Debug|Any CPU.ActiveCfg = Debug|Any CPU
		{B2761731-8D88-4624-8556-087CDA5F28C1}.Debug|Any CPU.Build.0 = Debug|Any CPU
		{B2761731-8D88-4624-8556-087CDA5F28C1}.Release|Any CPU.ActiveCfg = Release|Any CPU
		{B2761731-8D88-4624-8556-087CDA5F28C1}.Release|Any CPU.Build.0 = Release|Any CPU
		{1AB7CBDF-36FC-48D1-8B83-EE8A9C49F2B3}.Debug|Any CPU.ActiveCfg = Debug|Any CPU
		{1AB7CBDF-36FC-48D1-8B83-EE8A9C49F2B3}.Debug|Any CPU.Build.0 = Debug|Any CPU
		{1AB7CBDF-36FC-48D1-8B83-EE8A9C49F2B3}.Release|Any CPU.ActiveCfg = Release|Any CPU
		{1AB7CBDF-36FC-48D1-8B83-EE8A9C49F2B3}.Release|Any CPU.Build.0 = Release|Any CPU
		{EBADC385-1DB9-4C38-BFD4-6199F5EB12DE}.Debug|Any CPU.ActiveCfg = Debug|Any CPU
		{EBADC385-1DB9-4C38-BFD4-6199F5EB12DE}.Debug|Any CPU.Build.0 = Debug|Any CPU
		{EBADC385-1DB9-4C38-BFD4-6199F5EB12DE}.Release|Any CPU.ActiveCfg = Release|Any CPU
		{EBADC385-1DB9-4C38-BFD4-6199F5EB12DE}.Release|Any CPU.Build.0 = Release|Any CPU
		{531EE1D7-AD10-4D63-B32A-0703202373E0}.Debug|Any CPU.ActiveCfg = Debug|Any CPU
		{531EE1D7-AD10-4D63-B32A-0703202373E0}.Debug|Any CPU.Build.0 = Debug|Any CPU
		{531EE1D7-AD10-4D63-B32A-0703202373E0}.Release|Any CPU.ActiveCfg = Release|Any CPU
		{531EE1D7-AD10-4D63-B32A-0703202373E0}.Release|Any CPU.Build.0 = Release|Any CPU
		{436A96F6-BA50-41B9-BA29-5728B6920D73}.Debug|Any CPU.ActiveCfg = Debug|Any CPU
		{436A96F6-BA50-41B9-BA29-5728B6920D73}.Debug|Any CPU.Build.0 = Debug|Any CPU
		{436A96F6-BA50-41B9-BA29-5728B6920D73}.Release|Any CPU.ActiveCfg = Release|Any CPU
		{436A96F6-BA50-41B9-BA29-5728B6920D73}.Release|Any CPU.Build.0 = Release|Any CPU
		{450A2073-9C8F-4005-A6AF-EFC5E84A1A8B}.Debug|Any CPU.ActiveCfg = Debug|Any CPU
		{450A2073-9C8F-4005-A6AF-EFC5E84A1A8B}.Debug|Any CPU.Build.0 = Debug|Any CPU
		{450A2073-9C8F-4005-A6AF-EFC5E84A1A8B}.Release|Any CPU.ActiveCfg = Release|Any CPU
		{450A2073-9C8F-4005-A6AF-EFC5E84A1A8B}.Release|Any CPU.Build.0 = Release|Any CPU
		{EE3CC40E-8C92-44CB-B238-B09D77CA5E68}.Debug|Any CPU.ActiveCfg = Debug|Any CPU
		{EE3CC40E-8C92-44CB-B238-B09D77CA5E68}.Debug|Any CPU.Build.0 = Debug|Any CPU
		{EE3CC40E-8C92-44CB-B238-B09D77CA5E68}.Release|Any CPU.ActiveCfg = Release|Any CPU
		{EE3CC40E-8C92-44CB-B238-B09D77CA5E68}.Release|Any CPU.Build.0 = Release|Any CPU
		{F616D004-9F57-4207-9034-B5BC628F84DD}.Debug|Any CPU.ActiveCfg = Debug|Any CPU
		{F616D004-9F57-4207-9034-B5BC628F84DD}.Debug|Any CPU.Build.0 = Debug|Any CPU
		{F616D004-9F57-4207-9034-B5BC628F84DD}.Release|Any CPU.ActiveCfg = Release|Any CPU
		{F616D004-9F57-4207-9034-B5BC628F84DD}.Release|Any CPU.Build.0 = Release|Any CPU
		{35D8CCE1-6E5C-4260-B9B1-2E3FC805D884}.Debug|Any CPU.ActiveCfg = Debug|Any CPU
		{35D8CCE1-6E5C-4260-B9B1-2E3FC805D884}.Debug|Any CPU.Build.0 = Debug|Any CPU
		{35D8CCE1-6E5C-4260-B9B1-2E3FC805D884}.Release|Any CPU.ActiveCfg = Release|Any CPU
		{35D8CCE1-6E5C-4260-B9B1-2E3FC805D884}.Release|Any CPU.Build.0 = Release|Any CPU
		{D19F4C6D-1456-4C2F-9BED-451E31B5DD11}.Debug|Any CPU.ActiveCfg = Debug|Any CPU
		{D19F4C6D-1456-4C2F-9BED-451E31B5DD11}.Debug|Any CPU.Build.0 = Debug|Any CPU
		{D19F4C6D-1456-4C2F-9BED-451E31B5DD11}.Release|Any CPU.ActiveCfg = Release|Any CPU
		{D19F4C6D-1456-4C2F-9BED-451E31B5DD11}.Release|Any CPU.Build.0 = Release|Any CPU
		{FF2E2F5D-22C8-4E35-ABE2-88B4EDFAC2DF}.Debug|Any CPU.ActiveCfg = Debug|Any CPU
		{FF2E2F5D-22C8-4E35-ABE2-88B4EDFAC2DF}.Debug|Any CPU.Build.0 = Debug|Any CPU
		{FF2E2F5D-22C8-4E35-ABE2-88B4EDFAC2DF}.Release|Any CPU.ActiveCfg = Release|Any CPU
		{FF2E2F5D-22C8-4E35-ABE2-88B4EDFAC2DF}.Release|Any CPU.Build.0 = Release|Any CPU
		{08B81875-DE32-4943-BB3F-1D5C464D8CF8}.Debug|Any CPU.ActiveCfg = Debug|Any CPU
		{08B81875-DE32-4943-BB3F-1D5C464D8CF8}.Debug|Any CPU.Build.0 = Debug|Any CPU
		{08B81875-DE32-4943-BB3F-1D5C464D8CF8}.Release|Any CPU.ActiveCfg = Release|Any CPU
		{08B81875-DE32-4943-BB3F-1D5C464D8CF8}.Release|Any CPU.Build.0 = Release|Any CPU
		{BFED5DB6-6B59-4B11-86F9-574A24CB2A1F}.Debug|Any CPU.ActiveCfg = Debug|Any CPU
		{BFED5DB6-6B59-4B11-86F9-574A24CB2A1F}.Debug|Any CPU.Build.0 = Debug|Any CPU
		{BFED5DB6-6B59-4B11-86F9-574A24CB2A1F}.Release|Any CPU.ActiveCfg = Release|Any CPU
		{BFED5DB6-6B59-4B11-86F9-574A24CB2A1F}.Release|Any CPU.Build.0 = Release|Any CPU
		{1DF7FEFD-D5B2-4549-89D1-F062C7E93570}.Debug|Any CPU.ActiveCfg = Debug|Any CPU
		{1DF7FEFD-D5B2-4549-89D1-F062C7E93570}.Debug|Any CPU.Build.0 = Debug|Any CPU
		{1DF7FEFD-D5B2-4549-89D1-F062C7E93570}.Release|Any CPU.ActiveCfg = Release|Any CPU
		{1DF7FEFD-D5B2-4549-89D1-F062C7E93570}.Release|Any CPU.Build.0 = Release|Any CPU
		{D437A57C-11FA-4393-AC96-A7E8552B982A}.Debug|Any CPU.ActiveCfg = Debug|Any CPU
		{D437A57C-11FA-4393-AC96-A7E8552B982A}.Debug|Any CPU.Build.0 = Debug|Any CPU
		{D437A57C-11FA-4393-AC96-A7E8552B982A}.Release|Any CPU.ActiveCfg = Release|Any CPU
		{D437A57C-11FA-4393-AC96-A7E8552B982A}.Release|Any CPU.Build.0 = Release|Any CPU
		{9206DCF5-8F6A-4697-86CF-99C6277B5BAA}.Debug|Any CPU.ActiveCfg = Debug|Any CPU
		{9206DCF5-8F6A-4697-86CF-99C6277B5BAA}.Debug|Any CPU.Build.0 = Debug|Any CPU
		{9206DCF5-8F6A-4697-86CF-99C6277B5BAA}.Release|Any CPU.ActiveCfg = Release|Any CPU
		{9206DCF5-8F6A-4697-86CF-99C6277B5BAA}.Release|Any CPU.Build.0 = Release|Any CPU
		{1A2F9236-684D-4C57-B228-863199BA3F6F}.Debug|Any CPU.ActiveCfg = Debug|Any CPU
		{1A2F9236-684D-4C57-B228-863199BA3F6F}.Debug|Any CPU.Build.0 = Debug|Any CPU
		{1A2F9236-684D-4C57-B228-863199BA3F6F}.Release|Any CPU.ActiveCfg = Release|Any CPU
		{1A2F9236-684D-4C57-B228-863199BA3F6F}.Release|Any CPU.Build.0 = Release|Any CPU
		{CE980B7C-E679-405E-A1EF-82E7D56A4E0A}.Debug|Any CPU.ActiveCfg = Debug|Any CPU
		{CE980B7C-E679-405E-A1EF-82E7D56A4E0A}.Debug|Any CPU.Build.0 = Debug|Any CPU
		{CE980B7C-E679-405E-A1EF-82E7D56A4E0A}.Release|Any CPU.ActiveCfg = Release|Any CPU
		{CE980B7C-E679-405E-A1EF-82E7D56A4E0A}.Release|Any CPU.Build.0 = Release|Any CPU
		{4D9C12F0-0100-4C25-9F43-C443C6D7610F}.Debug|Any CPU.ActiveCfg = Debug|Any CPU
		{4D9C12F0-0100-4C25-9F43-C443C6D7610F}.Debug|Any CPU.Build.0 = Debug|Any CPU
		{4D9C12F0-0100-4C25-9F43-C443C6D7610F}.Release|Any CPU.ActiveCfg = Release|Any CPU
		{4D9C12F0-0100-4C25-9F43-C443C6D7610F}.Release|Any CPU.Build.0 = Release|Any CPU
		{B68459FA-1FDC-4063-87B5-9D9765020695}.Debug|Any CPU.ActiveCfg = Debug|Any CPU
		{B68459FA-1FDC-4063-87B5-9D9765020695}.Debug|Any CPU.Build.0 = Debug|Any CPU
		{B68459FA-1FDC-4063-87B5-9D9765020695}.Release|Any CPU.ActiveCfg = Release|Any CPU
		{B68459FA-1FDC-4063-87B5-9D9765020695}.Release|Any CPU.Build.0 = Release|Any CPU
		{2E08C0CE-F24B-4F75-AD48-4DAF75845C5C}.Debug|Any CPU.ActiveCfg = Debug|Any CPU
		{2E08C0CE-F24B-4F75-AD48-4DAF75845C5C}.Debug|Any CPU.Build.0 = Debug|Any CPU
		{2E08C0CE-F24B-4F75-AD48-4DAF75845C5C}.Release|Any CPU.ActiveCfg = Release|Any CPU
		{2E08C0CE-F24B-4F75-AD48-4DAF75845C5C}.Release|Any CPU.Build.0 = Release|Any CPU
		{F91AC3C0-34F7-446E-893D-76D368F0E7E2}.Debug|Any CPU.ActiveCfg = Debug|Any CPU
		{F91AC3C0-34F7-446E-893D-76D368F0E7E2}.Debug|Any CPU.Build.0 = Debug|Any CPU
		{F91AC3C0-34F7-446E-893D-76D368F0E7E2}.Release|Any CPU.ActiveCfg = Release|Any CPU
		{F91AC3C0-34F7-446E-893D-76D368F0E7E2}.Release|Any CPU.Build.0 = Release|Any CPU
		{E8045A6B-0716-439A-AC43-64B0904791FC}.Debug|Any CPU.ActiveCfg = Debug|Any CPU
		{E8045A6B-0716-439A-AC43-64B0904791FC}.Debug|Any CPU.Build.0 = Debug|Any CPU
		{E8045A6B-0716-439A-AC43-64B0904791FC}.Release|Any CPU.ActiveCfg = Release|Any CPU
		{E8045A6B-0716-439A-AC43-64B0904791FC}.Release|Any CPU.Build.0 = Release|Any CPU
		{B104F471-11E9-4E66-8BE3-DD9ACEE1A802}.Debug|Any CPU.ActiveCfg = Debug|Any CPU
		{B104F471-11E9-4E66-8BE3-DD9ACEE1A802}.Debug|Any CPU.Build.0 = Debug|Any CPU
		{B104F471-11E9-4E66-8BE3-DD9ACEE1A802}.Release|Any CPU.ActiveCfg = Release|Any CPU
		{B104F471-11E9-4E66-8BE3-DD9ACEE1A802}.Release|Any CPU.Build.0 = Release|Any CPU
		{298A2FAA-3747-4222-939D-5E5F3A475D6E}.Debug|Any CPU.ActiveCfg = Debug|Any CPU
		{298A2FAA-3747-4222-939D-5E5F3A475D6E}.Debug|Any CPU.Build.0 = Debug|Any CPU
		{298A2FAA-3747-4222-939D-5E5F3A475D6E}.Release|Any CPU.ActiveCfg = Release|Any CPU
		{298A2FAA-3747-4222-939D-5E5F3A475D6E}.Release|Any CPU.Build.0 = Release|Any CPU
		{BC19FCD4-E9B6-4CD2-A7AD-458F1244F19D}.Debug|Any CPU.ActiveCfg = Debug|Any CPU
		{BC19FCD4-E9B6-4CD2-A7AD-458F1244F19D}.Debug|Any CPU.Build.0 = Debug|Any CPU
		{BC19FCD4-E9B6-4CD2-A7AD-458F1244F19D}.Release|Any CPU.ActiveCfg = Release|Any CPU
		{BC19FCD4-E9B6-4CD2-A7AD-458F1244F19D}.Release|Any CPU.Build.0 = Release|Any CPU
		{768808F4-69A5-42E2-9A4A-8D769A8E99BE}.Debug|Any CPU.ActiveCfg = Debug|Any CPU
		{768808F4-69A5-42E2-9A4A-8D769A8E99BE}.Debug|Any CPU.Build.0 = Debug|Any CPU
		{768808F4-69A5-42E2-9A4A-8D769A8E99BE}.Release|Any CPU.ActiveCfg = Release|Any CPU
		{768808F4-69A5-42E2-9A4A-8D769A8E99BE}.Release|Any CPU.Build.0 = Release|Any CPU
		{09A62F70-334E-4DBB-9F4C-3C9404CF5ACD}.Debug|Any CPU.ActiveCfg = Debug|Any CPU
		{09A62F70-334E-4DBB-9F4C-3C9404CF5ACD}.Debug|Any CPU.Build.0 = Debug|Any CPU
		{09A62F70-334E-4DBB-9F4C-3C9404CF5ACD}.Release|Any CPU.ActiveCfg = Release|Any CPU
		{09A62F70-334E-4DBB-9F4C-3C9404CF5ACD}.Release|Any CPU.Build.0 = Release|Any CPU
		{208F11CD-17EA-4009-83DF-43F19FBAFBE4}.Debug|Any CPU.ActiveCfg = Debug|Any CPU
		{208F11CD-17EA-4009-83DF-43F19FBAFBE4}.Debug|Any CPU.Build.0 = Debug|Any CPU
		{208F11CD-17EA-4009-83DF-43F19FBAFBE4}.Release|Any CPU.ActiveCfg = Release|Any CPU
		{208F11CD-17EA-4009-83DF-43F19FBAFBE4}.Release|Any CPU.Build.0 = Release|Any CPU
		{CB4E1705-443D-4DA2-BD51-0CDD67B872F2}.Debug|Any CPU.ActiveCfg = Debug|Any CPU
		{CB4E1705-443D-4DA2-BD51-0CDD67B872F2}.Debug|Any CPU.Build.0 = Debug|Any CPU
		{CB4E1705-443D-4DA2-BD51-0CDD67B872F2}.Release|Any CPU.ActiveCfg = Release|Any CPU
		{CB4E1705-443D-4DA2-BD51-0CDD67B872F2}.Release|Any CPU.Build.0 = Release|Any CPU
		{F0017545-2ED5-4984-B52A-36C7573458F2}.Debug|Any CPU.ActiveCfg = Debug|Any CPU
		{F0017545-2ED5-4984-B52A-36C7573458F2}.Debug|Any CPU.Build.0 = Debug|Any CPU
		{F0017545-2ED5-4984-B52A-36C7573458F2}.Release|Any CPU.ActiveCfg = Release|Any CPU
		{F0017545-2ED5-4984-B52A-36C7573458F2}.Release|Any CPU.Build.0 = Release|Any CPU
		{56AAF3AD-1BE6-42E6-9080-B2AA7A47BF65}.Debug|Any CPU.ActiveCfg = Debug|Any CPU
		{56AAF3AD-1BE6-42E6-9080-B2AA7A47BF65}.Debug|Any CPU.Build.0 = Debug|Any CPU
		{56AAF3AD-1BE6-42E6-9080-B2AA7A47BF65}.Release|Any CPU.ActiveCfg = Release|Any CPU
		{56AAF3AD-1BE6-42E6-9080-B2AA7A47BF65}.Release|Any CPU.Build.0 = Release|Any CPU
		{55FF1F2C-EEB4-42A2-A2D7-1C96802DD353}.Debug|Any CPU.ActiveCfg = Debug|Any CPU
		{55FF1F2C-EEB4-42A2-A2D7-1C96802DD353}.Debug|Any CPU.Build.0 = Debug|Any CPU
		{55FF1F2C-EEB4-42A2-A2D7-1C96802DD353}.Release|Any CPU.ActiveCfg = Release|Any CPU
		{55FF1F2C-EEB4-42A2-A2D7-1C96802DD353}.Release|Any CPU.Build.0 = Release|Any CPU
		{2FE37259-682C-4A66-AFF7-64FF45D9D8A6}.Debug|Any CPU.ActiveCfg = Debug|Any CPU
		{2FE37259-682C-4A66-AFF7-64FF45D9D8A6}.Debug|Any CPU.Build.0 = Debug|Any CPU
		{2FE37259-682C-4A66-AFF7-64FF45D9D8A6}.Release|Any CPU.ActiveCfg = Release|Any CPU
		{2FE37259-682C-4A66-AFF7-64FF45D9D8A6}.Release|Any CPU.Build.0 = Release|Any CPU
		{B6858C1A-3127-486A-82F0-2EE16D2FCC9A}.Debug|Any CPU.ActiveCfg = Debug|Any CPU
		{B6858C1A-3127-486A-82F0-2EE16D2FCC9A}.Debug|Any CPU.Build.0 = Debug|Any CPU
		{B6858C1A-3127-486A-82F0-2EE16D2FCC9A}.Release|Any CPU.ActiveCfg = Release|Any CPU
		{B6858C1A-3127-486A-82F0-2EE16D2FCC9A}.Release|Any CPU.Build.0 = Release|Any CPU
		{E7835A09-9745-4245-8165-B2237F84A188}.Debug|Any CPU.ActiveCfg = Debug|Any CPU
		{E7835A09-9745-4245-8165-B2237F84A188}.Debug|Any CPU.Build.0 = Debug|Any CPU
		{E7835A09-9745-4245-8165-B2237F84A188}.Release|Any CPU.ActiveCfg = Release|Any CPU
		{E7835A09-9745-4245-8165-B2237F84A188}.Release|Any CPU.Build.0 = Release|Any CPU
		{E3E5CABA-B114-4CC2-AB9A-5176840EDFB5}.Debug|Any CPU.ActiveCfg = Debug|Any CPU
		{E3E5CABA-B114-4CC2-AB9A-5176840EDFB5}.Debug|Any CPU.Build.0 = Debug|Any CPU
		{E3E5CABA-B114-4CC2-AB9A-5176840EDFB5}.Release|Any CPU.ActiveCfg = Release|Any CPU
		{E3E5CABA-B114-4CC2-AB9A-5176840EDFB5}.Release|Any CPU.Build.0 = Release|Any CPU
		{878454CD-7314-4FDC-BD29-6E17F7A6F659}.Debug|Any CPU.ActiveCfg = Debug|Any CPU
		{878454CD-7314-4FDC-BD29-6E17F7A6F659}.Debug|Any CPU.Build.0 = Debug|Any CPU
		{878454CD-7314-4FDC-BD29-6E17F7A6F659}.Release|Any CPU.ActiveCfg = Release|Any CPU
		{878454CD-7314-4FDC-BD29-6E17F7A6F659}.Release|Any CPU.Build.0 = Release|Any CPU
		{CEB0E70C-AB99-4FCF-A72F-ABB78DEEE0A1}.Debug|Any CPU.ActiveCfg = Debug|Any CPU
		{CEB0E70C-AB99-4FCF-A72F-ABB78DEEE0A1}.Debug|Any CPU.Build.0 = Debug|Any CPU
		{CEB0E70C-AB99-4FCF-A72F-ABB78DEEE0A1}.Release|Any CPU.ActiveCfg = Release|Any CPU
		{CEB0E70C-AB99-4FCF-A72F-ABB78DEEE0A1}.Release|Any CPU.Build.0 = Release|Any CPU
		{3A970918-207C-473E-80E5-6263E7467E76}.Debug|Any CPU.ActiveCfg = Debug|Any CPU
		{3A970918-207C-473E-80E5-6263E7467E76}.Debug|Any CPU.Build.0 = Debug|Any CPU
		{3A970918-207C-473E-80E5-6263E7467E76}.Release|Any CPU.ActiveCfg = Release|Any CPU
		{3A970918-207C-473E-80E5-6263E7467E76}.Release|Any CPU.Build.0 = Release|Any CPU
		{C368F9D7-D5F8-4992-951D-9A3A65AAB150}.Debug|Any CPU.ActiveCfg = Debug|Any CPU
		{C368F9D7-D5F8-4992-951D-9A3A65AAB150}.Debug|Any CPU.Build.0 = Debug|Any CPU
		{C368F9D7-D5F8-4992-951D-9A3A65AAB150}.Release|Any CPU.ActiveCfg = Release|Any CPU
		{C368F9D7-D5F8-4992-951D-9A3A65AAB150}.Release|Any CPU.Build.0 = Release|Any CPU
	EndGlobalSection
	GlobalSection(SolutionProperties) = preSolution
		HideSolutionNode = FALSE
	EndGlobalSection
	GlobalSection(NestedProjects) = preSolution
		{ED3432B6-F17D-437D-B8CB-72AD2045078F} = {73576D60-9D17-43FA-95E3-D4A6D8F14A78}
		{81A53154-98A7-4682-B008-0250B5FC6BD4} = {73576D60-9D17-43FA-95E3-D4A6D8F14A78}
		{E9910B57-1C78-469F-9DD0-FAB068FED7B0} = {808BD9F7-50B8-4BF0-9F64-8946AB9E717E}
		{C9C494EE-A0FD-42B2-8CF4-62E6A46033FB} = {808BD9F7-50B8-4BF0-9F64-8946AB9E717E}
		{EE707249-96DA-4F93-A931-92223AAC2D75} = {808BD9F7-50B8-4BF0-9F64-8946AB9E717E}
		{5972BF2C-0689-4725-9844-8CBE0DFB47EC} = {808BD9F7-50B8-4BF0-9F64-8946AB9E717E}
		{B4CA3393-7B9B-4228-8A6C-8D8230735C3D} = {808BD9F7-50B8-4BF0-9F64-8946AB9E717E}
		{88D401D7-57C8-47D5-85B3-5B202C3BEB76} = {808BD9F7-50B8-4BF0-9F64-8946AB9E717E}
		{AE97811D-CAC9-49FA-9218-CE6E45969869} = {1EC1BCB8-2B81-4AB0-9DD2-B60A360A3677}
		{B2761731-8D88-4624-8556-087CDA5F28C1} = {1EC1BCB8-2B81-4AB0-9DD2-B60A360A3677}
		{1AB7CBDF-36FC-48D1-8B83-EE8A9C49F2B3} = {1EC1BCB8-2B81-4AB0-9DD2-B60A360A3677}
		{EBADC385-1DB9-4C38-BFD4-6199F5EB12DE} = {1EC1BCB8-2B81-4AB0-9DD2-B60A360A3677}
		{531EE1D7-AD10-4D63-B32A-0703202373E0} = {1EC1BCB8-2B81-4AB0-9DD2-B60A360A3677}
		{436A96F6-BA50-41B9-BA29-5728B6920D73} = {1EC1BCB8-2B81-4AB0-9DD2-B60A360A3677}
		{450A2073-9C8F-4005-A6AF-EFC5E84A1A8B} = {28A856BD-EF44-4B02-857B-05CD122C5B59}
		{EE3CC40E-8C92-44CB-B238-B09D77CA5E68} = {28A856BD-EF44-4B02-857B-05CD122C5B59}
		{F616D004-9F57-4207-9034-B5BC628F84DD} = {28A856BD-EF44-4B02-857B-05CD122C5B59}
		{35D8CCE1-6E5C-4260-B9B1-2E3FC805D884} = {28A856BD-EF44-4B02-857B-05CD122C5B59}
		{D19F4C6D-1456-4C2F-9BED-451E31B5DD11} = {28A856BD-EF44-4B02-857B-05CD122C5B59}
		{FF2E2F5D-22C8-4E35-ABE2-88B4EDFAC2DF} = {28A856BD-EF44-4B02-857B-05CD122C5B59}
		{08B81875-DE32-4943-BB3F-1D5C464D8CF8} = {28A856BD-EF44-4B02-857B-05CD122C5B59}
		{BFED5DB6-6B59-4B11-86F9-574A24CB2A1F} = {8FD311EC-3EFB-42A9-BD27-3618AEDA9FB1}
		{1DF7FEFD-D5B2-4549-89D1-F062C7E93570} = {8FD311EC-3EFB-42A9-BD27-3618AEDA9FB1}
		{D437A57C-11FA-4393-AC96-A7E8552B982A} = {8FD311EC-3EFB-42A9-BD27-3618AEDA9FB1}
		{9206DCF5-8F6A-4697-86CF-99C6277B5BAA} = {36D591C7-65C7-A0D1-1CBC-10CDE441BDC8}
		{1A2F9236-684D-4C57-B228-863199BA3F6F} = {36D591C7-65C7-A0D1-1CBC-10CDE441BDC8}
		{CE980B7C-E679-405E-A1EF-82E7D56A4E0A} = {36D591C7-65C7-A0D1-1CBC-10CDE441BDC8}
		{4D9C12F0-0100-4C25-9F43-C443C6D7610F} = {36D591C7-65C7-A0D1-1CBC-10CDE441BDC8}
		{B68459FA-1FDC-4063-87B5-9D9765020695} = {36D591C7-65C7-A0D1-1CBC-10CDE441BDC8}
		{2E08C0CE-F24B-4F75-AD48-4DAF75845C5C} = {36D591C7-65C7-A0D1-1CBC-10CDE441BDC8}
		{F91AC3C0-34F7-446E-893D-76D368F0E7E2} = {36D591C7-65C7-A0D1-1CBC-10CDE441BDC8}
		{E8045A6B-0716-439A-AC43-64B0904791FC} = {36D591C7-65C7-A0D1-1CBC-10CDE441BDC8}
		{B104F471-11E9-4E66-8BE3-DD9ACEE1A802} = {299B85EC-1C51-4C59-A193-3D068E85F52C}
		{298A2FAA-3747-4222-939D-5E5F3A475D6E} = {299B85EC-1C51-4C59-A193-3D068E85F52C}
		{BC19FCD4-E9B6-4CD2-A7AD-458F1244F19D} = {73576D60-9D17-43FA-95E3-D4A6D8F14A78}
		{768808F4-69A5-42E2-9A4A-8D769A8E99BE} = {1F5B267C-30AE-45D9-A74A-43A7865B44EB}
		{09A62F70-334E-4DBB-9F4C-3C9404CF5ACD} = {1F5B267C-30AE-45D9-A74A-43A7865B44EB}
		{208F11CD-17EA-4009-83DF-43F19FBAFBE4} = {BB8574A1-53CC-4780-85E3-879B46B1078A}
		{CB4E1705-443D-4DA2-BD51-0CDD67B872F2} = {BB8574A1-53CC-4780-85E3-879B46B1078A}
		{F0017545-2ED5-4984-B52A-36C7573458F2} = {161EA18C-5A64-4A92-B704-FFCF181331E7}
		{56AAF3AD-1BE6-42E6-9080-B2AA7A47BF65} = {161EA18C-5A64-4A92-B704-FFCF181331E7}
		{55FF1F2C-EEB4-42A2-A2D7-1C96802DD353} = {161EA18C-5A64-4A92-B704-FFCF181331E7}
		{2FE37259-682C-4A66-AFF7-64FF45D9D8A6} = {5B56B2C5-4E22-4613-A359-D06879A76BC4}
		{B6858C1A-3127-486A-82F0-2EE16D2FCC9A} = {5B56B2C5-4E22-4613-A359-D06879A76BC4}
		{E7835A09-9745-4245-8165-B2237F84A188} = {5B56B2C5-4E22-4613-A359-D06879A76BC4}
		{E3E5CABA-B114-4CC2-AB9A-5176840EDFB5} = {5B56B2C5-4E22-4613-A359-D06879A76BC4}
		{878454CD-7314-4FDC-BD29-6E17F7A6F659} = {25A7BC2A-F7D7-49C5-B65A-BCF8E99F9E2E}
		{CEB0E70C-AB99-4FCF-A72F-ABB78DEEE0A1} = {25A7BC2A-F7D7-49C5-B65A-BCF8E99F9E2E}
		{3A970918-207C-473E-80E5-6263E7467E76} = {71D2C914-F051-4F8A-9154-974DA4D9A014}
		{C368F9D7-D5F8-4992-951D-9A3A65AAB150} = {186C17C7-8292-47EC-8909-AB1187F8D431}
	EndGlobalSection
	GlobalSection(ExtensibilityGlobals) = postSolution
		SolutionGuid = {C5D65269-571D-47D4-A580-5DAA14D90B0E}
	EndGlobalSection
EndGlobal
